
Microsoft Visual Studio Solution File, Format Version 12.00
# Visual Studio 15
VisualStudioVersion = 15.0.27130.2010
MinimumVisualStudioVersion = 10.0.40219.1
Project("{9A19103F-16F7-4668-BE54-9A1E7A4F7556}") = "PreadmissionDTOs", "PreadmissionDTOs\PreadmissionDTOs.csproj", "{682B52B3-72E4-447E-9CD0-35583E686A1D}"
EndProject
Project("{9A19103F-16F7-4668-BE54-9A1E7A4F7556}") = "DomainModel", "DomainModel\DomainModel.csproj", "{434822DE-081C-467C-AC51-6CDE6E292059}"
EndProject
Project("{9A19103F-16F7-4668-BE54-9A1E7A4F7556}") = "CommonLibrary", "CommonLibrary\CommonLibrary.csproj", "{1E0A0885-9702-407D-927F-5E75C1CDA899}"
EndProject
Project("{9A19103F-16F7-4668-BE54-9A1E7A4F7556}") = "IVRMUX", "IVRMUX\IVRMUX.csproj", "{321D2D87-3ECB-441F-B2A0-484D6E711906}"
EndProject
Project("{9A19103F-16F7-4668-BE54-9A1E7A4F7556}") = "DataAccessMsSqlServerProvider", "DataAccessMsSqlServerProvider\DataAccessMsSqlServerProvider.csproj", "{C1CF4BD7-FC1D-4BAA-93DA-B9D6DD6B93A1}"
EndProject
Project("{9A19103F-16F7-4668-BE54-9A1E7A4F7556}") = "WebApplication1", "WebApplication1\WebApplication1.csproj", "{452BDAC9-89CD-4DC8-84B4-1135D277CCD8}"
EndProject
Project("{9A19103F-16F7-4668-BE54-9A1E7A4F7556}") = "CommonServiceHub", "CommonServiceHub\CommonServiceHub.csproj", "{A50F9151-94FC-44F9-9FB5-2965C613417F}"
EndProject
Project("{9A19103F-16F7-4668-BE54-9A1E7A4F7556}") = "CollegeServiceHub", "CollegeServiceHub\CollegeServiceHub.csproj", "{F8AFE204-DAFF-4330-BC00-D95BA5A951DF}"
EndProject
Project("{9A19103F-16F7-4668-BE54-9A1E7A4F7556}") = "ExamServiceHub", "ExamServiceHub\ExamServiceHub.csproj", "{177DAB03-60F3-4A26-8DD1-4FF5BF16A17B}"
EndProject
Project("{9A19103F-16F7-4668-BE54-9A1E7A4F7556}") = "AdmissionServiceHub", "AdmissionServiceHub\AdmissionServiceHub.csproj", "{91AA39B7-794D-4971-9E4F-73B0A28777C3}"
EndProject
Project("{9A19103F-16F7-4668-BE54-9A1E7A4F7556}") = "FeeServiceHub", "FeeServiceHub\FeeServiceHub.csproj", "{3056256D-5071-4C16-9597-C99C74C1CFDB}"
EndProject
Project("{9A19103F-16F7-4668-BE54-9A1E7A4F7556}") = "AlumniHub", "AluminiHub\AlumniHub.csproj", "{92AA00F2-7BAF-4559-8519-1F54D07E5685}"
EndProject
Project("{9A19103F-16F7-4668-BE54-9A1E7A4F7556}") = "AssetTrackingServiceHub", "AssetTrackingServiceHub\AssetTrackingServiceHub.csproj", "{71086BB1-1806-424D-A428-3A9087894F95}"
EndProject
Project("{9A19103F-16F7-4668-BE54-9A1E7A4F7556}") = "BirthdayServiceHub", "BirthdayServiceHub\BirthdayServiceHub.csproj", "{8A211A59-C501-4A10-BCFA-1CECB92CEE2A}"
EndProject
Project("{9A19103F-16F7-4668-BE54-9A1E7A4F7556}") = "ClgBirthdayServiceHub", "ClgBirthdayServiceHub\ClgBirthdayServiceHub.csproj", "{38B802D3-7527-4014-A19B-A92835521FA1}"
EndProject
Project("{9A19103F-16F7-4668-BE54-9A1E7A4F7556}") = "ClgCOEServiceHub", "ClgCOEServiceHub\ClgCOEServiceHub.csproj", "{725C50EF-FB37-4019-BF08-6794044BBCF0}"
EndProject
Project("{9A19103F-16F7-4668-BE54-9A1E7A4F7556}") = "COEServiceHub", "COEServiceHub\COEServiceHub.csproj", "{90504808-D4FF-4E42-855B-7DC381C6D0B1}"
EndProject
Project("{9A19103F-16F7-4668-BE54-9A1E7A4F7556}") = "CollegeExamServiceHub", "CollegeExamServiceHub\CollegeExamServiceHub.csproj", "{E80A3DF6-4844-4D62-A3DC-93691136ADD8}"
EndProject
Project("{9A19103F-16F7-4668-BE54-9A1E7A4F7556}") = "CollegeFeeService", "CollegeFeeService\CollegeFeeService.csproj", "{6875A53D-932E-49D5-BF59-70441466BC4D}"
EndProject
Project("{9A19103F-16F7-4668-BE54-9A1E7A4F7556}") = "CollegePortals", "CollegePortals\CollegePortals.csproj", "{E8696636-AD9C-4616-8AA4-698ED74027D9}"
EndProject
Project("{9A19103F-16F7-4668-BE54-9A1E7A4F7556}") = "FrontOffice", "FrontOffice\FrontOffice.csproj", "{63A2C1DB-CC5D-4ADC-9D1E-F3CEB6C2D6AA}"
EndProject
Project("{9A19103F-16F7-4668-BE54-9A1E7A4F7556}") = "HRMSServiceHub", "HRMSServiceHub\HRMSServiceHub.csproj", "{192CAAE4-349B-492C-A9B8-A5342E575F06}"
EndProject
Project("{9A19103F-16F7-4668-BE54-9A1E7A4F7556}") = "InventoryServicesHub", "InventoryServicesHub\InventoryServicesHub.csproj", "{422FB9A7-92C8-484C-9BD3-80A75F649D1C}"
EndProject
Project("{9A19103F-16F7-4668-BE54-9A1E7A4F7556}") = "LeaveManagementServiceHub", "LeaveManagementServiceHub\LeaveManagementServiceHub.csproj", "{A6A0B86D-464C-49C6-ADE1-66241E3F4E71}"
EndProject
Project("{9A19103F-16F7-4668-BE54-9A1E7A4F7556}") = "LibraryServiceHub", "LibraryServiceHub\LibraryServiceHub.csproj", "{793B28C6-4E76-461C-A91C-86600BA7DFCC}"
EndProject
Project("{9A19103F-16F7-4668-BE54-9A1E7A4F7556}") = "MobileApp", "MobileApp\MobileApp.csproj", "{0A192791-6D63-486C-92A6-A6CB869A53D9}"
EndProject
Project("{9A19103F-16F7-4668-BE54-9A1E7A4F7556}") = "PDAServiceHub", "PDAServiceHub\PDAServiceHub.csproj", "{70E27C7A-8E2E-4809-BEAA-5111A5C82B0B}"
EndProject
Project("{9A19103F-16F7-4668-BE54-9A1E7A4F7556}") = "PortalHub", "PortalHub\PortalHub.csproj", "{1922AAAF-D623-4D75-A12F-B04152625EC1}"
EndProject
Project("{9A19103F-16F7-4668-BE54-9A1E7A4F7556}") = "SportsServiceHub", "SportsServiceHub\SportsServiceHub.csproj", "{427D69D0-AB64-47A6-B69D-CFAA3775BC22}"
EndProject
Project("{9A19103F-16F7-4668-BE54-9A1E7A4F7556}") = "TimeTableServiceHub", "TimeTableServiceHub\TimeTableServiceHub.csproj", "{1AB0D3A9-C6B0-498C-AF89-2ABBAC106760}"
EndProject
Project("{9A19103F-16F7-4668-BE54-9A1E7A4F7556}") = "VisitorsManagementServiceHub", "VisitorsManagementServiceHub\VisitorsManagementServiceHub.csproj", "{40DEA151-06D3-4AD2-A214-88AB249161A4}"
EndProject
Project("{9A19103F-16F7-4668-BE54-9A1E7A4F7556}") = "TransportServiceHub", "TransportServiceHub\TransportServiceHub.csproj", "{F41152FC-FC66-48AE-BC76-EAC2C8DEA4D5}"
EndProject
Project("{9A19103F-16F7-4668-BE54-9A1E7A4F7556}") = "CollegePreadmission", "CollegePreadmission\CollegePreadmission.csproj", "{488845BE-8794-4FA7-80F7-6A08928A8054}"
EndProject
Project("{9A19103F-16F7-4668-BE54-9A1E7A4F7556}") = "NaacServiceHub", "NaacServiceHub\NaacServiceHub.csproj", "{7508DEA8-1762-441C-8760-9D29326A9DB0}"
EndProject
Project("{9A19103F-16F7-4668-BE54-9A1E7A4F7556}") = "HostelServiceHub", "HostelServiceHub\HostelServiceHub.csproj", "{1B92A3EE-E5F7-4804-8C45-ED5410087D71}"
EndProject
Project("{9A19103F-16F7-4668-BE54-9A1E7A4F7556}") = "Recruitment", "Recruitement\Recruitment.csproj", "{3DDF9611-240C-4D67-BBB5-72BE74233B3D}"
EndProject
Project("{9A19103F-16F7-4668-BE54-9A1E7A4F7556}") = "SeatingArrangment", "SeatingArrangment\SeatingArrangment.csproj", "{FEE7C04E-F6DA-49C3-8A3E-06AB3CD2A464}"
EndProject
Project("{9A19103F-16F7-4668-BE54-9A1E7A4F7556}") = "HealthManagement", "HealthManagement\HealthManagement.csproj", "{84C9C9E1-691C-4769-AE7A-C5EC7A8F6923}"
EndProject
Project("{9A19103F-16F7-4668-BE54-9A1E7A4F7556}") = "ClubManagement", "ClubManagement\ClubManagement.csproj", "{2014586A-26BC-445E-A0EE-60531AC26046}"
EndProject
Global
	GlobalSection(SolutionConfigurationPlatforms) = preSolution
		Debug|Any CPU = Debug|Any CPU
		Release|Any CPU = Release|Any CPU
	EndGlobalSection
	GlobalSection(ProjectConfigurationPlatforms) = postSolution
		{682B52B3-72E4-447E-9CD0-35583E686A1D}.Debug|Any CPU.ActiveCfg = Debug|Any CPU
		{682B52B3-72E4-447E-9CD0-35583E686A1D}.Debug|Any CPU.Build.0 = Debug|Any CPU
		{682B52B3-72E4-447E-9CD0-35583E686A1D}.Release|Any CPU.ActiveCfg = Release|Any CPU
		{682B52B3-72E4-447E-9CD0-35583E686A1D}.Release|Any CPU.Build.0 = Release|Any CPU
		{434822DE-081C-467C-AC51-6CDE6E292059}.Debug|Any CPU.ActiveCfg = Debug|Any CPU
		{434822DE-081C-467C-AC51-6CDE6E292059}.Debug|Any CPU.Build.0 = Debug|Any CPU
		{434822DE-081C-467C-AC51-6CDE6E292059}.Release|Any CPU.ActiveCfg = Release|Any CPU
		{434822DE-081C-467C-AC51-6CDE6E292059}.Release|Any CPU.Build.0 = Release|Any CPU
		{1E0A0885-9702-407D-927F-5E75C1CDA899}.Debug|Any CPU.ActiveCfg = Debug|Any CPU
		{1E0A0885-9702-407D-927F-5E75C1CDA899}.Debug|Any CPU.Build.0 = Debug|Any CPU
		{1E0A0885-9702-407D-927F-5E75C1CDA899}.Release|Any CPU.ActiveCfg = Release|Any CPU
		{1E0A0885-9702-407D-927F-5E75C1CDA899}.Release|Any CPU.Build.0 = Release|Any CPU
		{321D2D87-3ECB-441F-B2A0-484D6E711906}.Debug|Any CPU.ActiveCfg = Debug|Any CPU
		{321D2D87-3ECB-441F-B2A0-484D6E711906}.Debug|Any CPU.Build.0 = Debug|Any CPU
		{321D2D87-3ECB-441F-B2A0-484D6E711906}.Release|Any CPU.ActiveCfg = Release|Any CPU
		{321D2D87-3ECB-441F-B2A0-484D6E711906}.Release|Any CPU.Build.0 = Release|Any CPU
		{C1CF4BD7-FC1D-4BAA-93DA-B9D6DD6B93A1}.Debug|Any CPU.ActiveCfg = Debug|Any CPU
		{C1CF4BD7-FC1D-4BAA-93DA-B9D6DD6B93A1}.Debug|Any CPU.Build.0 = Debug|Any CPU
		{C1CF4BD7-FC1D-4BAA-93DA-B9D6DD6B93A1}.Release|Any CPU.ActiveCfg = Release|Any CPU
		{C1CF4BD7-FC1D-4BAA-93DA-B9D6DD6B93A1}.Release|Any CPU.Build.0 = Release|Any CPU
		{452BDAC9-89CD-4DC8-84B4-1135D277CCD8}.Debug|Any CPU.ActiveCfg = Debug|Any CPU
		{452BDAC9-89CD-4DC8-84B4-1135D277CCD8}.Debug|Any CPU.Build.0 = Debug|Any CPU
		{452BDAC9-89CD-4DC8-84B4-1135D277CCD8}.Release|Any CPU.ActiveCfg = Release|Any CPU
		{452BDAC9-89CD-4DC8-84B4-1135D277CCD8}.Release|Any CPU.Build.0 = Release|Any CPU
		{A50F9151-94FC-44F9-9FB5-2965C613417F}.Debug|Any CPU.ActiveCfg = Debug|Any CPU
		{A50F9151-94FC-44F9-9FB5-2965C613417F}.Debug|Any CPU.Build.0 = Debug|Any CPU
		{A50F9151-94FC-44F9-9FB5-2965C613417F}.Release|Any CPU.ActiveCfg = Release|Any CPU
		{A50F9151-94FC-44F9-9FB5-2965C613417F}.Release|Any CPU.Build.0 = Release|Any CPU
		{F8AFE204-DAFF-4330-BC00-D95BA5A951DF}.Debug|Any CPU.ActiveCfg = Debug|Any CPU
		{F8AFE204-DAFF-4330-BC00-D95BA5A951DF}.Debug|Any CPU.Build.0 = Debug|Any CPU
		{F8AFE204-DAFF-4330-BC00-D95BA5A951DF}.Release|Any CPU.ActiveCfg = Release|Any CPU
		{F8AFE204-DAFF-4330-BC00-D95BA5A951DF}.Release|Any CPU.Build.0 = Release|Any CPU
		{177DAB03-60F3-4A26-8DD1-4FF5BF16A17B}.Debug|Any CPU.ActiveCfg = Debug|Any CPU
		{177DAB03-60F3-4A26-8DD1-4FF5BF16A17B}.Debug|Any CPU.Build.0 = Debug|Any CPU
		{177DAB03-60F3-4A26-8DD1-4FF5BF16A17B}.Release|Any CPU.ActiveCfg = Release|Any CPU
		{177DAB03-60F3-4A26-8DD1-4FF5BF16A17B}.Release|Any CPU.Build.0 = Release|Any CPU
		{91AA39B7-794D-4971-9E4F-73B0A28777C3}.Debug|Any CPU.ActiveCfg = Debug|Any CPU
		{91AA39B7-794D-4971-9E4F-73B0A28777C3}.Debug|Any CPU.Build.0 = Debug|Any CPU
		{91AA39B7-794D-4971-9E4F-73B0A28777C3}.Release|Any CPU.ActiveCfg = Release|Any CPU
		{91AA39B7-794D-4971-9E4F-73B0A28777C3}.Release|Any CPU.Build.0 = Release|Any CPU
		{3056256D-5071-4C16-9597-C99C74C1CFDB}.Debug|Any CPU.ActiveCfg = Debug|Any CPU
		{3056256D-5071-4C16-9597-C99C74C1CFDB}.Debug|Any CPU.Build.0 = Debug|Any CPU
		{3056256D-5071-4C16-9597-C99C74C1CFDB}.Release|Any CPU.ActiveCfg = Release|Any CPU
		{3056256D-5071-4C16-9597-C99C74C1CFDB}.Release|Any CPU.Build.0 = Release|Any CPU
		{92AA00F2-7BAF-4559-8519-1F54D07E5685}.Debug|Any CPU.ActiveCfg = Debug|Any CPU
		{92AA00F2-7BAF-4559-8519-1F54D07E5685}.Debug|Any CPU.Build.0 = Debug|Any CPU
		{92AA00F2-7BAF-4559-8519-1F54D07E5685}.Release|Any CPU.ActiveCfg = Release|Any CPU
		{92AA00F2-7BAF-4559-8519-1F54D07E5685}.Release|Any CPU.Build.0 = Release|Any CPU
		{71086BB1-1806-424D-A428-3A9087894F95}.Debug|Any CPU.ActiveCfg = Debug|Any CPU
		{71086BB1-1806-424D-A428-3A9087894F95}.Debug|Any CPU.Build.0 = Debug|Any CPU
		{71086BB1-1806-424D-A428-3A9087894F95}.Release|Any CPU.ActiveCfg = Release|Any CPU
		{71086BB1-1806-424D-A428-3A9087894F95}.Release|Any CPU.Build.0 = Release|Any CPU
		{8A211A59-C501-4A10-BCFA-1CECB92CEE2A}.Debug|Any CPU.ActiveCfg = Debug|Any CPU
		{8A211A59-C501-4A10-BCFA-1CECB92CEE2A}.Debug|Any CPU.Build.0 = Debug|Any CPU
		{8A211A59-C501-4A10-BCFA-1CECB92CEE2A}.Release|Any CPU.ActiveCfg = Release|Any CPU
		{8A211A59-C501-4A10-BCFA-1CECB92CEE2A}.Release|Any CPU.Build.0 = Release|Any CPU
		{38B802D3-7527-4014-A19B-A92835521FA1}.Debug|Any CPU.ActiveCfg = Debug|Any CPU
		{38B802D3-7527-4014-A19B-A92835521FA1}.Debug|Any CPU.Build.0 = Debug|Any CPU
		{38B802D3-7527-4014-A19B-A92835521FA1}.Release|Any CPU.ActiveCfg = Release|Any CPU
		{38B802D3-7527-4014-A19B-A92835521FA1}.Release|Any CPU.Build.0 = Release|Any CPU
		{725C50EF-FB37-4019-BF08-6794044BBCF0}.Debug|Any CPU.ActiveCfg = Debug|Any CPU
		{725C50EF-FB37-4019-BF08-6794044BBCF0}.Debug|Any CPU.Build.0 = Debug|Any CPU
		{725C50EF-FB37-4019-BF08-6794044BBCF0}.Release|Any CPU.ActiveCfg = Release|Any CPU
		{725C50EF-FB37-4019-BF08-6794044BBCF0}.Release|Any CPU.Build.0 = Release|Any CPU
		{90504808-D4FF-4E42-855B-7DC381C6D0B1}.Debug|Any CPU.ActiveCfg = Debug|Any CPU
		{90504808-D4FF-4E42-855B-7DC381C6D0B1}.Debug|Any CPU.Build.0 = Debug|Any CPU
		{90504808-D4FF-4E42-855B-7DC381C6D0B1}.Release|Any CPU.ActiveCfg = Release|Any CPU
		{90504808-D4FF-4E42-855B-7DC381C6D0B1}.Release|Any CPU.Build.0 = Release|Any CPU
		{E80A3DF6-4844-4D62-A3DC-93691136ADD8}.Debug|Any CPU.ActiveCfg = Debug|Any CPU
		{E80A3DF6-4844-4D62-A3DC-93691136ADD8}.Debug|Any CPU.Build.0 = Debug|Any CPU
		{E80A3DF6-4844-4D62-A3DC-93691136ADD8}.Release|Any CPU.ActiveCfg = Release|Any CPU
		{E80A3DF6-4844-4D62-A3DC-93691136ADD8}.Release|Any CPU.Build.0 = Release|Any CPU
		{6875A53D-932E-49D5-BF59-70441466BC4D}.Debug|Any CPU.ActiveCfg = Debug|Any CPU
		{6875A53D-932E-49D5-BF59-70441466BC4D}.Debug|Any CPU.Build.0 = Debug|Any CPU
		{6875A53D-932E-49D5-BF59-70441466BC4D}.Release|Any CPU.ActiveCfg = Release|Any CPU
		{6875A53D-932E-49D5-BF59-70441466BC4D}.Release|Any CPU.Build.0 = Release|Any CPU
		{E8696636-AD9C-4616-8AA4-698ED74027D9}.Debug|Any CPU.ActiveCfg = Debug|Any CPU
		{E8696636-AD9C-4616-8AA4-698ED74027D9}.Debug|Any CPU.Build.0 = Debug|Any CPU
		{E8696636-AD9C-4616-8AA4-698ED74027D9}.Release|Any CPU.ActiveCfg = Release|Any CPU
		{E8696636-AD9C-4616-8AA4-698ED74027D9}.Release|Any CPU.Build.0 = Release|Any CPU
		{63A2C1DB-CC5D-4ADC-9D1E-F3CEB6C2D6AA}.Debug|Any CPU.ActiveCfg = Debug|Any CPU
		{63A2C1DB-CC5D-4ADC-9D1E-F3CEB6C2D6AA}.Debug|Any CPU.Build.0 = Debug|Any CPU
		{63A2C1DB-CC5D-4ADC-9D1E-F3CEB6C2D6AA}.Release|Any CPU.ActiveCfg = Release|Any CPU
		{63A2C1DB-CC5D-4ADC-9D1E-F3CEB6C2D6AA}.Release|Any CPU.Build.0 = Release|Any CPU
		{192CAAE4-349B-492C-A9B8-A5342E575F06}.Debug|Any CPU.ActiveCfg = Debug|Any CPU
		{192CAAE4-349B-492C-A9B8-A5342E575F06}.Debug|Any CPU.Build.0 = Debug|Any CPU
		{192CAAE4-349B-492C-A9B8-A5342E575F06}.Release|Any CPU.ActiveCfg = Release|Any CPU
		{192CAAE4-349B-492C-A9B8-A5342E575F06}.Release|Any CPU.Build.0 = Release|Any CPU
		{422FB9A7-92C8-484C-9BD3-80A75F649D1C}.Debug|Any CPU.ActiveCfg = Debug|Any CPU
		{422FB9A7-92C8-484C-9BD3-80A75F649D1C}.Debug|Any CPU.Build.0 = Debug|Any CPU
		{422FB9A7-92C8-484C-9BD3-80A75F649D1C}.Release|Any CPU.ActiveCfg = Release|Any CPU
		{422FB9A7-92C8-484C-9BD3-80A75F649D1C}.Release|Any CPU.Build.0 = Release|Any CPU
		{A6A0B86D-464C-49C6-ADE1-66241E3F4E71}.Debug|Any CPU.ActiveCfg = Debug|Any CPU
		{A6A0B86D-464C-49C6-ADE1-66241E3F4E71}.Debug|Any CPU.Build.0 = Debug|Any CPU
		{A6A0B86D-464C-49C6-ADE1-66241E3F4E71}.Release|Any CPU.ActiveCfg = Release|Any CPU
		{A6A0B86D-464C-49C6-ADE1-66241E3F4E71}.Release|Any CPU.Build.0 = Release|Any CPU
		{793B28C6-4E76-461C-A91C-86600BA7DFCC}.Debug|Any CPU.ActiveCfg = Debug|Any CPU
		{793B28C6-4E76-461C-A91C-86600BA7DFCC}.Debug|Any CPU.Build.0 = Debug|Any CPU
		{793B28C6-4E76-461C-A91C-86600BA7DFCC}.Release|Any CPU.ActiveCfg = Release|Any CPU
		{793B28C6-4E76-461C-A91C-86600BA7DFCC}.Release|Any CPU.Build.0 = Release|Any CPU
		{0A192791-6D63-486C-92A6-A6CB869A53D9}.Debug|Any CPU.ActiveCfg = Debug|Any CPU
		{0A192791-6D63-486C-92A6-A6CB869A53D9}.Debug|Any CPU.Build.0 = Debug|Any CPU
		{0A192791-6D63-486C-92A6-A6CB869A53D9}.Release|Any CPU.ActiveCfg = Release|Any CPU
		{0A192791-6D63-486C-92A6-A6CB869A53D9}.Release|Any CPU.Build.0 = Release|Any CPU
		{70E27C7A-8E2E-4809-BEAA-5111A5C82B0B}.Debug|Any CPU.ActiveCfg = Debug|Any CPU
		{70E27C7A-8E2E-4809-BEAA-5111A5C82B0B}.Debug|Any CPU.Build.0 = Debug|Any CPU
		{70E27C7A-8E2E-4809-BEAA-5111A5C82B0B}.Release|Any CPU.ActiveCfg = Release|Any CPU
		{70E27C7A-8E2E-4809-BEAA-5111A5C82B0B}.Release|Any CPU.Build.0 = Release|Any CPU
		{1922AAAF-D623-4D75-A12F-B04152625EC1}.Debug|Any CPU.ActiveCfg = Debug|Any CPU
		{1922AAAF-D623-4D75-A12F-B04152625EC1}.Debug|Any CPU.Build.0 = Debug|Any CPU
		{1922AAAF-D623-4D75-A12F-B04152625EC1}.Release|Any CPU.ActiveCfg = Release|Any CPU
		{1922AAAF-D623-4D75-A12F-B04152625EC1}.Release|Any CPU.Build.0 = Release|Any CPU
		{427D69D0-AB64-47A6-B69D-CFAA3775BC22}.Debug|Any CPU.ActiveCfg = Debug|Any CPU
		{427D69D0-AB64-47A6-B69D-CFAA3775BC22}.Debug|Any CPU.Build.0 = Debug|Any CPU
		{427D69D0-AB64-47A6-B69D-CFAA3775BC22}.Release|Any CPU.ActiveCfg = Release|Any CPU
		{427D69D0-AB64-47A6-B69D-CFAA3775BC22}.Release|Any CPU.Build.0 = Release|Any CPU
		{1AB0D3A9-C6B0-498C-AF89-2ABBAC106760}.Debug|Any CPU.ActiveCfg = Debug|Any CPU
		{1AB0D3A9-C6B0-498C-AF89-2ABBAC106760}.Debug|Any CPU.Build.0 = Debug|Any CPU
		{1AB0D3A9-C6B0-498C-AF89-2ABBAC106760}.Release|Any CPU.ActiveCfg = Release|Any CPU
		{1AB0D3A9-C6B0-498C-AF89-2ABBAC106760}.Release|Any CPU.Build.0 = Release|Any CPU
		{40DEA151-06D3-4AD2-A214-88AB249161A4}.Debug|Any CPU.ActiveCfg = Debug|Any CPU
		{40DEA151-06D3-4AD2-A214-88AB249161A4}.Debug|Any CPU.Build.0 = Debug|Any CPU
		{40DEA151-06D3-4AD2-A214-88AB249161A4}.Release|Any CPU.ActiveCfg = Release|Any CPU
		{40DEA151-06D3-4AD2-A214-88AB249161A4}.Release|Any CPU.Build.0 = Release|Any CPU
		{F41152FC-FC66-48AE-BC76-EAC2C8DEA4D5}.Debug|Any CPU.ActiveCfg = Debug|Any CPU
		{F41152FC-FC66-48AE-BC76-EAC2C8DEA4D5}.Debug|Any CPU.Build.0 = Debug|Any CPU
		{F41152FC-FC66-48AE-BC76-EAC2C8DEA4D5}.Release|Any CPU.ActiveCfg = Release|Any CPU
		{F41152FC-FC66-48AE-BC76-EAC2C8DEA4D5}.Release|Any CPU.Build.0 = Release|Any CPU
		{488845BE-8794-4FA7-80F7-6A08928A8054}.Debug|Any CPU.ActiveCfg = Debug|Any CPU
		{488845BE-8794-4FA7-80F7-6A08928A8054}.Debug|Any CPU.Build.0 = Debug|Any CPU
		{488845BE-8794-4FA7-80F7-6A08928A8054}.Release|Any CPU.ActiveCfg = Release|Any CPU
		{488845BE-8794-4FA7-80F7-6A08928A8054}.Release|Any CPU.Build.0 = Release|Any CPU
		{7508DEA8-1762-441C-8760-9D29326A9DB0}.Debug|Any CPU.ActiveCfg = Debug|Any CPU
		{7508DEA8-1762-441C-8760-9D29326A9DB0}.Debug|Any CPU.Build.0 = Debug|Any CPU
		{7508DEA8-1762-441C-8760-9D29326A9DB0}.Release|Any CPU.ActiveCfg = Release|Any CPU
		{7508DEA8-1762-441C-8760-9D29326A9DB0}.Release|Any CPU.Build.0 = Release|Any CPU
		{1B92A3EE-E5F7-4804-8C45-ED5410087D71}.Debug|Any CPU.ActiveCfg = Debug|Any CPU
		{1B92A3EE-E5F7-4804-8C45-ED5410087D71}.Debug|Any CPU.Build.0 = Debug|Any CPU
		{1B92A3EE-E5F7-4804-8C45-ED5410087D71}.Release|Any CPU.ActiveCfg = Release|Any CPU
		{1B92A3EE-E5F7-4804-8C45-ED5410087D71}.Release|Any CPU.Build.0 = Release|Any CPU
		{3DDF9611-240C-4D67-BBB5-72BE74233B3D}.Debug|Any CPU.ActiveCfg = Debug|Any CPU
		{3DDF9611-240C-4D67-BBB5-72BE74233B3D}.Debug|Any CPU.Build.0 = Debug|Any CPU
		{3DDF9611-240C-4D67-BBB5-72BE74233B3D}.Release|Any CPU.ActiveCfg = Release|Any CPU
		{3DDF9611-240C-4D67-BBB5-72BE74233B3D}.Release|Any CPU.Build.0 = Release|Any CPU
		{FEE7C04E-F6DA-49C3-8A3E-06AB3CD2A464}.Debug|Any CPU.ActiveCfg = Debug|Any CPU
		{FEE7C04E-F6DA-49C3-8A3E-06AB3CD2A464}.Debug|Any CPU.Build.0 = Debug|Any CPU
		{FEE7C04E-F6DA-49C3-8A3E-06AB3CD2A464}.Release|Any CPU.ActiveCfg = Release|Any CPU
		{FEE7C04E-F6DA-49C3-8A3E-06AB3CD2A464}.Release|Any CPU.Build.0 = Release|Any CPU
		{84C9C9E1-691C-4769-AE7A-C5EC7A8F6923}.Debug|Any CPU.ActiveCfg = Debug|Any CPU
		{84C9C9E1-691C-4769-AE7A-C5EC7A8F6923}.Debug|Any CPU.Build.0 = Debug|Any CPU
		{84C9C9E1-691C-4769-AE7A-C5EC7A8F6923}.Release|Any CPU.ActiveCfg = Release|Any CPU
		{84C9C9E1-691C-4769-AE7A-C5EC7A8F6923}.Release|Any CPU.Build.0 = Release|Any CPU
		{2014586A-26BC-445E-A0EE-60531AC26046}.Debug|Any CPU.ActiveCfg = Debug|Any CPU
		{2014586A-26BC-445E-A0EE-60531AC26046}.Debug|Any CPU.Build.0 = Debug|Any CPU
		{2014586A-26BC-445E-A0EE-60531AC26046}.Release|Any CPU.ActiveCfg = Release|Any CPU
		{2014586A-26BC-445E-A0EE-60531AC26046}.Release|Any CPU.Build.0 = Release|Any CPU
	EndGlobalSection
	GlobalSection(SolutionProperties) = preSolution
		HideSolutionNode = FALSE
	EndGlobalSection
	GlobalSection(ExtensibilityGlobals) = postSolution
		SolutionGuid = {88B538EB-E175-49A6-824C-D03FC0E9DED9}
	EndGlobalSection
EndGlobal
